<?xml version="1.0" encoding="UTF-8" standalone="yes" ?>
<CodeBlocks_project_file>
	<FileVersion major="1" minor="6" />
	<Project>
		<Option title="service_accounting" />
		<Option makefile_is_custom="1" />
		<Option execution_dir="." />
		<Option pch_mode="2" />
		<Option compiler="gcc" />
		<Build>
			<Target title="Debug">
				<Option output="service_accounting" prefix_auto="1" extension_auto="1" />
				<Option object_output="/home/ludo/GoldShard_services/service_accounting/.objs" />
				<Option type="1" />
				<Option compiler="gcc" />
				<Compiler>
					<Add option="-g" />
				</Compiler>
				<MakeCommands>
					<Build command="$make DEBUG=1" />
					<CompileFile command="" />
					<Clean command="$make clean" />
					<DistClean command="$make -f $makefile distclean$target" />
					<AskRebuildNeeded command="$make DEBUG=1" />
					<SilentBuild command="$make DEBUG=1 &gt; $(CMD_NULL)" />
				</MakeCommands>
			</Target>
			<Target title="Release">
				<Option output="service_accounting" prefix_auto="1" extension_auto="1" />
				<Option object_output="/home/ludo/GoldShard_services/service_accounting/.objs" />
				<Option type="1" />
				<Option compiler="gcc" />
				<Compiler>
					<Add option="-O2" />
				</Compiler>
				<Linker>
					<Add option="-s" />
				</Linker>
				<MakeCommands>
					<Build command="$make " />
					<CompileFile command="" />
					<Clean command="$make clean" />
					<DistClean command="$make -f $makefile distclean$target" />
					<AskRebuildNeeded command="$make " />
					<SilentBuild command="$make  &gt; $(CMD_NULL)" />
				</MakeCommands>
			</Target>
		</Build>
		<Compiler>
			<Add option="-Wall" />
		</Compiler>
		<Unit filename="Makefile" />
		<Unit filename="accounting_trade_data.cc" />
		<Unit filename="accounting_trade_data.h" />
		<Unit filename="cre_function.cc" />
		<Unit filename="cre_function.h" />
		<Unit filename="cre_generator.cc" />
		<Unit filename="cre_generator.h" />
		<Unit filename="service_accounting.cc" />
		<Unit filename="service_accounting.h" />
		<Extensions />
	</Project>
</CodeBlocks_project_file>
